
Microsoft Visual Studio Solution File, Format Version 12.00
# Visual Studio Version 16
VisualStudioVersion = 16.0.31729.503
MinimumVisualStudioVersion = 10.0.40219.1
Project("{FAE04EC0-301F-11D3-BF4B-00C04F79EFBC}") = "UserRegistration.Web", "UserRegistration.Web\UserRegistration.Web.csproj", "{3A94BDDF-78FF-4D47-8679-466CB3AA50F0}"
EndProject
Project("{FAE04EC0-301F-11D3-BF4B-00C04F79EFBC}") = "UserRegistration.Tests", "UserRegistration.Tests\UserRegistration.Tests.csproj", "{44421F5A-956C-49BC-9242-2AB20876442B}"
EndProject
Global
	GlobalSection(SolutionConfigurationPlatforms) = preSolution
		Debug|Any CPU = Debug|Any CPU
		Release|Any CPU = Release|Any CPU
	EndGlobalSection
	GlobalSection(ProjectConfigurationPlatforms) = postSolution
		{3A94BDDF-78FF-4D47-8679-466CB3AA50F0}.Debug|Any CPU.ActiveCfg = Debug|Any CPU
		{3A94BDDF-78FF-4D47-8679-466CB3AA50F0}.Debug|Any CPU.Build.0 = Debug|Any CPU
		{3A94BDDF-78FF-4D47-8679-466CB3AA50F0}.Release|Any CPU.ActiveCfg = Release|Any CPU
		{3A94BDDF-78FF-4D47-8679-466CB3AA50F0}.Release|Any CPU.Build.0 = Release|Any CPU
		{44421F5A-956C-49BC-9242-2AB20876442B}.Debug|Any CPU.ActiveCfg = Debug|Any CPU
		{44421F5A-956C-49BC-9242-2AB20876442B}.Debug|Any CPU.Build.0 = Debug|Any CPU
		{44421F5A-956C-49BC-9242-2AB20876442B}.Release|Any CPU.ActiveCfg = Release|Any CPU
		{44421F5A-956C-49BC-9242-2AB20876442B}.Release|Any CPU.Build.0 = Release|Any CPU
	EndGlobalSection
	GlobalSection(SolutionProperties) = preSolution
		HideSolutionNode = FALSE
	EndGlobalSection
	GlobalSection(ExtensibilityGlobals) = postSolution
		SolutionGuid = {A263C036-FC51-4C2C-85EE-143BD633E2F3}
	EndGlobalSection
EndGlobal
